
Microsoft Visual Studio Solution File, Format Version 12.00
# Visual Studio 15
VisualStudioVersion = 15.0.27428.2037
MinimumVisualStudioVersion = 10.0.40219.1
Project("{FAE04EC0-301F-11D3-BF4B-00C04F79EFBC}") = "Chess", "ClassLibrary1\Chess.csproj", "{72DC56A7-A3D1-412F-8C42-DE5EC4F5429C}"
EndProject
Project("{FAE04EC0-301F-11D3-BF4B-00C04F79EFBC}") = "ChessDemo", "..\Chess\ChessDemo\ChessDemo.csproj", "{A82B7C16-83BE-4040-9290-820830DD9968}"
EndProject
Global
	GlobalSection(SolutionConfigurationPlatforms) = preSolution
		Debug|Any CPU = Debug|Any CPU
		Release|Any CPU = Release|Any CPU
	EndGlobalSection
	GlobalSection(ProjectConfigurationPlatforms) = postSolution
		{72DC56A7-A3D1-412F-8C42-DE5EC4F5429C}.Debug|Any CPU.ActiveCfg = Debug|Any CPU
		{72DC56A7-A3D1-412F-8C42-DE5EC4F5429C}.Debug|Any CPU.Build.0 = Debug|Any CPU
		{72DC56A7-A3D1-412F-8C42-DE5EC4F5429C}.Release|Any CPU.ActiveCfg = Release|Any CPU
		{72DC56A7-A3D1-412F-8C42-DE5EC4F5429C}.Release|Any CPU.Build.0 = Release|Any CPU
		{A82B7C16-83BE-4040-9290-820830DD9968}.Debug|Any CPU.ActiveCfg = Debug|Any CPU
		{A82B7C16-83BE-4040-9290-820830DD9968}.Debug|Any CPU.Build.0 = Debug|Any CPU
		{A82B7C16-83BE-4040-9290-820830DD9968}.Release|Any CPU.ActiveCfg = Release|Any CPU
		{A82B7C16-83BE-4040-9290-820830DD9968}.Release|Any CPU.Build.0 = Release|Any CPU
	EndGlobalSection
	GlobalSection(SolutionProperties) = preSolution
		HideSolutionNode = FALSE
	EndGlobalSection
	GlobalSection(ExtensibilityGlobals) = postSolution
		SolutionGuid = {16E0455A-55A9-4CBB-A6EA-42DA7F1EDC53}
	EndGlobalSection
EndGlobal
